
Microsoft Visual Studio Solution File, Format Version 12.00
# Visual Studio Version 17
VisualStudioVersion = 17.6.33815.320
MinimumVisualStudioVersion = 10.0.40219.1
Project("{9A19103F-16F7-4668-BE54-9A1E7A4F7556}") = "OpmlRender", "OpmlRender\OpmlRender.csproj", "{8906B982-280D-495A-9DF2-2E670C4B207D}"
EndProject
Global
	GlobalSection(SolutionConfigurationPlatforms) = preSolution
		Debug|Any CPU = Debug|Any CPU
		Release|Any CPU = Release|Any CPU
	EndGlobalSection
	GlobalSection(ProjectConfigurationPlatforms) = postSolution
		{8906B982-280D-495A-9DF2-2E670C4B207D}.Debug|Any CPU.ActiveCfg = Debug|Any CPU
		{8906B982-280D-495A-9DF2-2E670C4B207D}.Debug|Any CPU.Build.0 = Debug|Any CPU
		{8906B982-280D-495A-9DF2-2E670C4B207D}.Release|Any CPU.ActiveCfg = Release|Any CPU
		{8906B982-280D-495A-9DF2-2E670C4B207D}.Release|Any CPU.Build.0 = Release|Any CPU
	EndGlobalSection
	GlobalSection(SolutionProperties) = preSolution
		HideSolutionNode = FALSE
	EndGlobalSection
	GlobalSection(ExtensibilityGlobals) = postSolution
		SolutionGuid = {3C439D50-FAF1-4CBC-816D-EC971E1612E4}
	EndGlobalSection
EndGlobal
